// !$*UTF8*$!
{
	archiveVersion = 1;
	classes = {
	};
	objectVersion = 46;
	objects = {

/* Begin PBXBuildFile section */
		7F4B1CC41CBEA59C009EA394 /* textFieldDelegate.swift in Sources */ = {isa = PBXBuildFile; fileRef = 7F4B1CC31CBEA59C009EA394 /* textFieldDelegate.swift */; };
		7F6DE0D81CBC507100522293 /* AppDelegate.swift in Sources */ = {isa = PBXBuildFile; fileRef = 7F6DE0D71CBC507100522293 /* AppDelegate.swift */; };
		7F6DE0DA1CBC507100522293 /* ViewController.swift in Sources */ = {isa = PBXBuildFile; fileRef = 7F6DE0D91CBC507100522293 /* ViewController.swift */; };
		7F6DE0DD1CBC507100522293 /* Main.storyboard in Resources */ = {isa = PBXBuildFile; fileRef = 7F6DE0DB1CBC507100522293 /* Main.storyboard */; };
		7F6DE0DF1CBC507100522293 /* Assets.xcassets in Resources */ = {isa = PBXBuildFile; fileRef = 7F6DE0DE1CBC507100522293 /* Assets.xcassets */; };
		7F6DE0E21CBC507100522293 /* LaunchScreen.storyboard in Resources */ = {isa = PBXBuildFile; fileRef = 7F6DE0E01CBC507100522293 /* LaunchScreen.storyboard */; };
		7F6DE0ED1CBC507100522293 /* MemeMakerTests.swift in Sources */ = {isa = PBXBuildFile; fileRef = 7F6DE0EC1CBC507100522293 /* MemeMakerTests.swift */; };
		7F6DE0F81CBC507100522293 /* MemeMakerUITests.swift in Sources */ = {isa = PBXBuildFile; fileRef = 7F6DE0F71CBC507100522293 /* MemeMakerUITests.swift */; };
		7F7264871CC072E100E08DD0 /* MemeTableViewController.swift in Sources */ = {isa = PBXBuildFile; fileRef = 7F7264861CC072E100E08DD0 /* MemeTableViewController.swift */; };
		7F7264891CC078F800E08DD0 /* MemeCollectionViewController.swift in Sources */ = {isa = PBXBuildFile; fileRef = 7F7264881CC078F800E08DD0 /* MemeCollectionViewController.swift */; };
		7F72648B1CC07ADB00E08DD0 /* MemeCell.swift in Sources */ = {isa = PBXBuildFile; fileRef = 7F72648A1CC07ADB00E08DD0 /* MemeCell.swift */; };
/* End PBXBuildFile section */

/* Begin PBXContainerItemProxy section */
		7F6DE0E91CBC507100522293 /* PBXContainerItemProxy */ = {
			isa = PBXContainerItemProxy;
			containerPortal = 7F6DE0CC1CBC507000522293 /* Project object */;
			proxyType = 1;
			remoteGlobalIDString = 7F6DE0D31CBC507000522293;
			remoteInfo = MemeMaker;
		};
		7F6DE0F41CBC507100522293 /* PBXContainerItemProxy */ = {
			isa = PBXContainerItemProxy;
			containerPortal = 7F6DE0CC1CBC507000522293 /* Project object */;
			proxyType = 1;
			remoteGlobalIDString = 7F6DE0D31CBC507000522293;
			remoteInfo = MemeMaker;
		};
/* End PBXContainerItemProxy section */

/* Begin PBXFileReference section */
		7F4B1CC31CBEA59C009EA394 /* textFieldDelegate.swift */ = {isa = PBXFileReference; fileEncoding = 4; lastKnownFileType = sourcecode.swift; path = textFieldDelegate.swift; sourceTree = "<group>"; };
		7F6DE0D41CBC507100522293 /* MemeMaker.app */ = {isa = PBXFileReference; explicitFileType = wrapper.application; includeInIndex = 0; path = MemeMaker.app; sourceTree = BUILT_PRODUCTS_DIR; };
		7F6DE0D71CBC507100522293 /* AppDelegate.swift */ = {isa = PBXFileReference; lastKnownFileType = sourcecode.swift; path = AppDelegate.swift; sourceTree = "<group>"; };
		7F6DE0D91CBC507100522293 /* ViewController.swift */ = {isa = PBXFileReference; lastKnownFileType = sourcecode.swift; path = ViewController.swift; sourceTree = "<group>"; };
		7F6DE0DC1CBC507100522293 /* Base */ = {isa = PBXFileReference; lastKnownFileType = file.storyboard; name = Base; path = Base.lproj/Main.storyboard; sourceTree = "<group>"; };
		7F6DE0DE1CBC507100522293 /* Assets.xcassets */ = {isa = PBXFileReference; lastKnownFileType = folder.assetcatalog; path = Assets.xcassets; sourceTree = "<group>"; };
		7F6DE0E11CBC507100522293 /* Base */ = {isa = PBXFileReference; lastKnownFileType = file.storyboard; name = Base; path = Base.lproj/LaunchScreen.storyboard; sourceTree = "<group>"; };
		7F6DE0E31CBC507100522293 /* Info.plist */ = {isa = PBXFileReference; lastKnownFileType = text.plist.xml; path = Info.plist; sourceTree = "<group>"; };
		7F6DE0E81CBC507100522293 /* MemeMakerTests.xctest */ = {isa = PBXFileReference; explicitFileType = wrapper.cfbundle; includeInIndex = 0; path = MemeMakerTests.xctest; sourceTree = BUILT_PRODUCTS_DIR; };
		7F6DE0EC1CBC507100522293 /* MemeMakerTests.swift */ = {isa = PBXFileReference; lastKnownFileType = sourcecode.swift; path = MemeMakerTests.swift; sourceTree = "<group>"; };
		7F6DE0EE1CBC507100522293 /* Info.plist */ = {isa = PBXFileReference; lastKnownFileType = text.plist.xml; path = Info.plist; sourceTree = "<group>"; };
		7F6DE0F31CBC507100522293 /* MemeMakerUITests.xctest */ = {isa = PBXFileReference; explicitFileType = wrapper.cfbundle; includeInIndex = 0; path = MemeMakerUITests.xctest; sourceTree = BUILT_PRODUCTS_DIR; };
		7F6DE0F71CBC507100522293 /* MemeMakerUITests.swift */ = {isa = PBXFileReference; lastKnownFileType = sourcecode.swift; path = MemeMakerUITests.swift; sourceTree = "<group>"; };
		7F6DE0F91CBC507100522293 /* Info.plist */ = {isa = PBXFileReference; lastKnownFileType = text.plist.xml; path = Info.plist; sourceTree = "<group>"; };
		7F7264861CC072E100E08DD0 /* MemeTableViewController.swift */ = {isa = PBXFileReference; fileEncoding = 4; lastKnownFileType = sourcecode.swift; path = MemeTableViewController.swift; sourceTree = "<group>"; };
		7F7264881CC078F800E08DD0 /* MemeCollectionViewController.swift */ = {isa = PBXFileReference; fileEncoding = 4; lastKnownFileType = sourcecode.swift; path = MemeCollectionViewController.swift; sourceTree = "<group>"; };
		7F72648A1CC07ADB00E08DD0 /* MemeCell.swift */ = {isa = PBXFileReference; fileEncoding = 4; lastKnownFileType = sourcecode.swift; path = MemeCell.swift; sourceTree = "<group>"; };
/* End PBXFileReference section */

/* Begin PBXFrameworksBuildPhase section */
		7F6DE0D11CBC507000522293 /* Frameworks */ = {
			isa = PBXFrameworksBuildPhase;
			buildActionMask = 2147483647;
			files = (
			);
			runOnlyForDeploymentPostprocessing = 0;
		};
		7F6DE0E51CBC507100522293 /* Frameworks */ = {
			isa = PBXFrameworksBuildPhase;
			buildActionMask = 2147483647;
			files = (
			);
			runOnlyForDeploymentPostprocessing = 0;
		};
		7F6DE0F01CBC507100522293 /* Frameworks */ = {
			isa = PBXFrameworksBuildPhase;
			buildActionMask = 2147483647;
			files = (
			);
			runOnlyForDeploymentPostprocessing = 0;
		};
/* End PBXFrameworksBuildPhase section */

/* Begin PBXGroup section */
		7F6DE0CB1CBC507000522293 = {
			isa = PBXGroup;
			children = (
				7F6DE0D61CBC507100522293 /* MemeMaker */,
				7F6DE0EB1CBC507100522293 /* MemeMakerTests */,
				7F6DE0F61CBC507100522293 /* MemeMakerUITests */,
				7F6DE0D51CBC507100522293 /* Products */,
			);
			sourceTree = "<group>";
		};
		7F6DE0D51CBC507100522293 /* Products */ = {
			isa = PBXGroup;
			children = (
				7F6DE0D41CBC507100522293 /* MemeMaker.app */,
				7F6DE0E81CBC507100522293 /* MemeMakerTests.xctest */,
				7F6DE0F31CBC507100522293 /* MemeMakerUITests.xctest */,
			);
			name = Products;
			sourceTree = "<group>";
		};
		7F6DE0D61CBC507100522293 /* MemeMaker */ = {
			isa = PBXGroup;
			children = (
				7F6DE0D71CBC507100522293 /* AppDelegate.swift */,
				7F6DE0D91CBC507100522293 /* ViewController.swift */,
				7F6DE0DB1CBC507100522293 /* Main.storyboard */,
				7F72648A1CC07ADB00E08DD0 /* MemeCell.swift */,
				7F7264881CC078F800E08DD0 /* MemeCollectionViewController.swift */,
				7F7264861CC072E100E08DD0 /* MemeTableViewController.swift */,
				7F4B1CC31CBEA59C009EA394 /* textFieldDelegate.swift */,
				7F6DE0DE1CBC507100522293 /* Assets.xcassets */,
				7F6DE0E01CBC507100522293 /* LaunchScreen.storyboard */,
				7F6DE0E31CBC507100522293 /* Info.plist */,
			);
			path = MemeMaker;
			sourceTree = "<group>";
		};
		7F6DE0EB1CBC507100522293 /* MemeMakerTests */ = {
			isa = PBXGroup;
			children = (
				7F6DE0EC1CBC507100522293 /* MemeMakerTests.swift */,
				7F6DE0EE1CBC507100522293 /* Info.plist */,
			);
			path = MemeMakerTests;
			sourceTree = "<group>";
		};
		7F6DE0F61CBC507100522293 /* MemeMakerUITests */ = {
			isa = PBXGroup;
			children = (
				7F6DE0F71CBC507100522293 /* MemeMakerUITests.swift */,
				7F6DE0F91CBC507100522293 /* Info.plist */,
			);
			path = MemeMakerUITests;
			sourceTree = "<group>";
		};
/* End PBXGroup section */

/* Begin PBXNativeTarget section */
		7F6DE0D31CBC507000522293 /* MemeMaker */ = {
			isa = PBXNativeTarget;
			buildConfigurationList = 7F6DE0FC1CBC507100522293 /* Build configuration list for PBXNativeTarget "MemeMaker" */;
			buildPhases = (
				7F6DE0D01CBC507000522293 /* Sources */,
				7F6DE0D11CBC507000522293 /* Frameworks */,
				7F6DE0D21CBC507000522293 /* Resources */,
			);
			buildRules = (
			);
			dependencies = (
			);
			name = MemeMaker;
			productName = MemeMaker;
			productReference = 7F6DE0D41CBC507100522293 /* MemeMaker.app */;
			productType = "com.apple.product-type.application";
		};
		7F6DE0E71CBC507100522293 /* MemeMakerTests */ = {
			isa = PBXNativeTarget;
			buildConfigurationList = 7F6DE0FF1CBC507100522293 /* Build configuration list for PBXNativeTarget "MemeMakerTests" */;
			buildPhases = (
				7F6DE0E41CBC507100522293 /* Sources */,
				7F6DE0E51CBC507100522293 /* Frameworks */,
				7F6DE0E61CBC507100522293 /* Resources */,
			);
			buildRules = (
			);
			dependencies = (
				7F6DE0EA1CBC507100522293 /* PBXTargetDependency */,
			);
			name = MemeMakerTests;
			productName = MemeMakerTests;
			productReference = 7F6DE0E81CBC507100522293 /* MemeMakerTests.xctest */;
			productType = "com.apple.product-type.bundle.unit-test";
		};
		7F6DE0F21CBC507100522293 /* MemeMakerUITests */ = {
			isa = PBXNativeTarget;
			buildConfigurationList = 7F6DE1021CBC507100522293 /* Build configuration list for PBXNativeTarget "MemeMakerUITests" */;
			buildPhases = (
				7F6DE0EF1CBC507100522293 /* Sources */,
				7F6DE0F01CBC507100522293 /* Frameworks */,
				7F6DE0F11CBC507100522293 /* Resources */,
			);
			buildRules = (
			);
			dependencies = (
				7F6DE0F51CBC507100522293 /* PBXTargetDependency */,
			);
			name = MemeMakerUITests;
			productName = MemeMakerUITests;
			productReference = 7F6DE0F31CBC507100522293 /* MemeMakerUITests.xctest */;
			productType = "com.apple.product-type.bundle.ui-testing";
		};
/* End PBXNativeTarget section */

/* Begin PBXProject section */
		7F6DE0CC1CBC507000522293 /* Project object */ = {
			isa = PBXProject;
			attributes = {
				LastSwiftUpdateCheck = 0720;
				LastUpgradeCheck = 0720;
				ORGANIZATIONNAME = "Belinda Vennam";
				TargetAttributes = {
					7F6DE0D31CBC507000522293 = {
						CreatedOnToolsVersion = 7.2.1;
					};
					7F6DE0E71CBC507100522293 = {
						CreatedOnToolsVersion = 7.2.1;
						TestTargetID = 7F6DE0D31CBC507000522293;
					};
					7F6DE0F21CBC507100522293 = {
						CreatedOnToolsVersion = 7.2.1;
						TestTargetID = 7F6DE0D31CBC507000522293;
					};
				};
			};
			buildConfigurationList = 7F6DE0CF1CBC507000522293 /* Build configuration list for PBXProject "MemeMaker" */;
			compatibilityVersion = "Xcode 3.2";
			developmentRegion = English;
			hasScannedForEncodings = 0;
			knownRegions = (
				en,
				Base,
			);
			mainGroup = 7F6DE0CB1CBC507000522293;
			productRefGroup = 7F6DE0D51CBC507100522293 /* Products */;
			projectDirPath = "";
			projectRoot = "";
			targets = (
				7F6DE0D31CBC507000522293 /* MemeMaker */,
				7F6DE0E71CBC507100522293 /* MemeMakerTests */,
				7F6DE0F21CBC507100522293 /* MemeMakerUITests */,
			);
		};
/* End PBXProject section */

/* Begin PBXResourcesBuildPhase section */
		7F6DE0D21CBC507000522293 /* Resources */ = {
			isa = PBXResourcesBuildPhase;
			buildActionMask = 2147483647;
			files = (
				7F6DE0E21CBC507100522293 /* LaunchScreen.storyboard in Resources */,
				7F6DE0DF1CBC507100522293 /* Assets.xcassets in Resources */,
				7F6DE0DD1CBC507100522293 /* Main.storyboard in Resources */,
			);
			runOnlyForDeploymentPostprocessing = 0;
		};
		7F6DE0E61CBC507100522293 /* Resources */ = {
			isa = PBXResourcesBuildPhase;
			buildActionMask = 2147483647;
			files = (
			);
			runOnlyForDeploymentPostprocessing = 0;
		};
		7F6DE0F11CBC507100522293 /* Resources */ = {
			isa = PBXResourcesBuildPhase;
			buildActionMask = 2147483647;
			files = (
			);
			runOnlyForDeploymentPostprocessing = 0;
		};
/* End PBXResourcesBuildPhase section */

/* Begin PBXSourcesBuildPhase section */
		7F6DE0D01CBC507000522293 /* Sources */ = {
			isa = PBXSourcesBuildPhase;
			buildActionMask = 2147483647;
			files = (
				7F4B1CC41CBEA59C009EA394 /* textFieldDelegate.swift in Sources */,
				7F6DE0DA1CBC507100522293 /* ViewController.swift in Sources */,
				7F7264891CC078F800E08DD0 /* MemeCollectionViewController.swift in Sources */,
				7F72648B1CC07ADB00E08DD0 /* MemeCell.swift in Sources */,
				7F6DE0D81CBC507100522293 /* AppDelegate.swift in Sources */,
				7F7264871CC072E100E08DD0 /* MemeTableViewController.swift in Sources */,
			);
			runOnlyForDeploymentPostprocessing = 0;
		};
		7F6DE0E41CBC507100522293 /* Sources */ = {
			isa = PBXSourcesBuildPhase;
			buildActionMask = 2147483647;
			files = (
				7F6DE0ED1CBC507100522293 /* MemeMakerTests.swift in Sources */,
			);
			runOnlyForDeploymentPostprocessing = 0;
		};
		7F6DE0EF1CBC507100522293 /* Sources */ = {
			isa = PBXSourcesBuildPhase;
			buildActionMask = 2147483647;
			files = (
				7F6DE0F81CBC507100522293 /* MemeMakerUITests.swift in Sources */,
			);
			runOnlyForDeploymentPostprocessing = 0;
		};
/* End PBXSourcesBuildPhase section */

/* Begin PBXTargetDependency section */
		7F6DE0EA1CBC507100522293 /* PBXTargetDependency */ = {
			isa = PBXTargetDependency;
			target = 7F6DE0D31CBC507000522293 /* MemeMaker */;
			targetProxy = 7F6DE0E91CBC507100522293 /* PBXContainerItemProxy */;
		};
		7F6DE0F51CBC507100522293 /* PBXTargetDependency */ = {
			isa = PBXTargetDependency;
			target = 7F6DE0D31CBC507000522293 /* MemeMaker */;
			targetProxy = 7F6DE0F41CBC507100522293 /* PBXContainerItemProxy */;
		};
/* End PBXTargetDependency section */

/* Begin PBXVariantGroup section */
		7F6DE0DB1CBC507100522293 /* Main.storyboard */ = {
			isa = PBXVariantGroup;
			children = (
				7F6DE0DC1CBC507100522293 /* Base */,
			);
			name = Main.storyboard;
			sourceTree = "<group>";
		};
		7F6DE0E01CBC507100522293 /* LaunchScreen.storyboard */ = {
			isa = PBXVariantGroup;
			children = (
				7F6DE0E11CBC507100522293 /* Base */,
			);
			name = LaunchScreen.storyboard;
			sourceTree = "<group>";
		};
/* End PBXVariantGroup section */

/* Begin XCBuildConfiguration section */
		7F6DE0FA1CBC507100522293 /* Debug */ = {
			isa = XCBuildConfiguration;
			buildSettings = {
				ALWAYS_SEARCH_USER_PATHS = NO;
				CLANG_CXX_LANGUAGE_STANDARD = "gnu++0x";
				CLANG_CXX_LIBRARY = "libc++";
				CLANG_ENABLE_MODULES = YES;
				CLANG_ENABLE_OBJC_ARC = YES;
				CLANG_WARN_BOOL_CONVERSION = YES;
				CLANG_WARN_CONSTANT_CONVERSION = YES;
				CLANG_WARN_DIRECT_OBJC_ISA_USAGE = YES_ERROR;
				CLANG_WARN_EMPTY_BODY = YES;
				CLANG_WARN_ENUM_CONVERSION = YES;
				CLANG_WARN_INT_CONVERSION = YES;
				CLANG_WARN_OBJC_ROOT_CLASS = YES_ERROR;
				CLANG_WARN_UNREACHABLE_CODE = YES;
				CLANG_WARN__DUPLICATE_METHOD_MATCH = YES;
				"CODE_SIGN_IDENTITY[sdk=iphoneos*]" = "iPhone Developer";
				COPY_PHASE_STRIP = NO;
				DEBUG_INFORMATION_FORMAT = dwarf;
				ENABLE_STRICT_OBJC_MSGSEND = YES;
				ENABLE_TESTABILITY = YES;
				GCC_C_LANGUAGE_STANDARD = gnu99;
				GCC_DYNAMIC_NO_PIC = NO;
				GCC_NO_COMMON_BLOCKS = YES;
				GCC_OPTIMIZATION_LEVEL = 0;
				GCC_PREPROCESSOR_DEFINITIONS = (
					"DEBUG=1",
					"$(inherited)",
				);
				GCC_WARN_64_TO_32_BIT_CONVERSION = YES;
				GCC_WARN_ABOUT_RETURN_TYPE = YES_ERROR;
				GCC_WARN_UNDECLARED_SELECTOR = YES;
				GCC_WARN_UNINITIALIZED_AUTOS = YES_AGGRESSIVE;
				GCC_WARN_UNUSED_FUNCTION = YES;
				GCC_WARN_UNUSED_VARIABLE = YES;
				IPHONEOS_DEPLOYMENT_TARGET = 9.2;
				MTL_ENABLE_DEBUG_INFO = YES;
				ONLY_ACTIVE_ARCH = YES;
				SDKROOT = iphoneos;
				SWIFT_OPTIMIZATION_LEVEL = "-Onone";
				TARGETED_DEVICE_FAMILY = "1,2";
			};
			name = Debug;
		};
		7F6DE0FB1CBC507100522293 /* Release */ = {
			isa = XCBuildConfiguration;
			buildSettings = {
				ALWAYS_SEARCH_USER_PATHS = NO;
				CLANG_CXX_LANGUAGE_STANDARD = "gnu++0x";
				CLANG_CXX_LIBRARY = "libc++";
				CLANG_ENABLE_MODULES = YES;
				CLANG_ENABLE_OBJC_ARC = YES;
				CLANG_WARN_BOOL_CONVERSION = YES;
				CLANG_WARN_CONSTANT_CONVERSION = YES;
				CLANG_WARN_DIRECT_OBJC_ISA_USAGE = YES_ERROR;
				CLANG_WARN_EMPTY_BODY = YES;
				CLANG_WARN_ENUM_CONVERSION = YES;
				CLANG_WARN_INT_CONVERSION = YES;
				CLANG_WARN_OBJC_ROOT_CLASS = YES_ERROR;
				CLANG_WARN_UNREACHABLE_CODE = YES;
				CLANG_WARN__DUPLICATE_METHOD_MATCH = YES;
				"CODE_SIGN_IDENTITY[sdk=iphoneos*]" = "iPhone Developer";
				COPY_PHASE_STRIP = NO;
				DEBUG_INFORMATION_FORMAT = "dwarf-with-dsym";
				ENABLE_NS_ASSERTIONS = NO;
				ENABLE_STRICT_OBJC_MSGSEND = YES;
				GCC_C_LANGUAGE_STANDARD = gnu99;
				GCC_NO_COMMON_BLOCKS = YES;
				GCC_WARN_64_TO_32_BIT_CONVERSION = YES;
				GCC_WARN_ABOUT_RETURN_TYPE = YES_ERROR;
				GCC_WARN_UNDECLARED_SELECTOR = YES;
				GCC_WARN_UNINITIALIZED_AUTOS = YES_AGGRESSIVE;
				GCC_WARN_UNUSED_FUNCTION = YES;
				GCC_WARN_UNUSED_VARIABLE = YES;
				IPHONEOS_DEPLOYMENT_TARGET = 9.2;
				MTL_ENABLE_DEBUG_INFO = NO;
				SDKROOT = iphoneos;
				TARGETED_DEVICE_FAMILY = "1,2";
				VALIDATE_PRODUCT = YES;
			};
			name = Release;
		};
		7F6DE0FD1CBC507100522293 /* Debug */ = {
			isa = XCBuildConfiguration;
			buildSettings = {
				ASSETCATALOG_COMPILER_APPICON_NAME = AppIcon;
				INFOPLIST_FILE = MemeMaker/Info.plist;
				LD_RUNPATH_SEARCH_PATHS = "$(inherited) @executable_path/Frameworks";
				PRODUCT_BUNDLE_IDENTIFIER = VennamEnterprises.MemeMaker;
				PRODUCT_NAME = "$(TARGET_NAME)";
			};
			name = Debug;
		};
		7F6DE0FE1CBC507100522293 /* Release */ = {
			isa = XCBuildConfiguration;
			buildSettings = {
				ASSETCATALOG_COMPILER_APPICON_NAME = AppIcon;
				INFOPLIST_FILE = MemeMaker/Info.plist;
				LD_RUNPATH_SEARCH_PATHS = "$(inherited) @executable_path/Frameworks";
				PRODUCT_BUNDLE_IDENTIFIER = VennamEnterprises.MemeMaker;
				PRODUCT_NAME = "$(TARGET_NAME)";
			};
			name = Release;
		};
		7F6DE1001CBC507100522293 /* Debug */ = {
			isa = XCBuildConfiguration;
			buildSettings = {
				BUNDLE_LOADER = "$(TEST_HOST)";
				INFOPLIST_FILE = MemeMakerTests/Info.plist;
				LD_RUNPATH_SEARCH_PATHS = "$(inherited) @executable_path/Frameworks @loader_path/Frameworks";
				PRODUCT_BUNDLE_IDENTIFIER = VennamEnterprises.MemeMakerTests;
				PRODUCT_NAME = "$(TARGET_NAME)";
				TEST_HOST = "$(BUILT_PRODUCTS_DIR)/MemeMaker.app/MemeMaker";
			};
			name = Debug;
		};
		7F6DE1011CBC507100522293 /* Release */ = {
			isa = XCBuildConfiguration;
			buildSettings = {
				BUNDLE_LOADER = "$(TEST_HOST)";
				INFOPLIST_FILE = MemeMakerTests/Info.plist;
				LD_RUNPATH_SEARCH_PATHS = "$(inherited) @executable_path/Frameworks @loader_path/Frameworks";
				PRODUCT_BUNDLE_IDENTIFIER = VennamEnterprises.MemeMakerTests;
				PRODUCT_NAME = "$(TARGET_NAME)";
				TEST_HOST = "$(BUILT_PRODUCTS_DIR)/MemeMaker.app/MemeMaker";
			};
			name = Release;
		};
		7F6DE1031CBC507100522293 /* Debug */ = {
			isa = XCBuildConfiguration;
			buildSettings = {
				INFOPLIST_FILE = MemeMakerUITests/Info.plist;
				LD_RUNPATH_SEARCH_PATHS = "$(inherited) @executable_path/Frameworks @loader_path/Frameworks";
				PRODUCT_BUNDLE_IDENTIFIER = VennamEnterprises.MemeMakerUITests;
				PRODUCT_NAME = "$(TARGET_NAME)";
				TEST_TARGET_NAME = MemeMaker;
				USES_XCTRUNNER = YES;
			};
			name = Debug;
		};
		7F6DE1041CBC507100522293 /* Release */ = {
			isa = XCBuildConfiguration;
			buildSettings = {
				INFOPLIST_FILE = MemeMakerUITests/Info.plist;
				LD_RUNPATH_SEARCH_PATHS = "$(inherited) @executable_path/Frameworks @loader_path/Frameworks";
				PRODUCT_BUNDLE_IDENTIFIER = VennamEnterprises.MemeMakerUITests;
				PRODUCT_NAME = "$(TARGET_NAME)";
				TEST_TARGET_NAME = MemeMaker;
				USES_XCTRUNNER = YES;
			};
			name = Release;
		};
/* End XCBuildConfiguration section */

/* Begin XCConfigurationList section */
		7F6DE0CF1CBC507000522293 /* Build configuration list for PBXProject "MemeMaker" */ = {
			isa = XCConfigurationList;
			buildConfigurations = (
				7F6DE0FA1CBC507100522293 /* Debug */,
				7F6DE0FB1CBC507100522293 /* Release */,
			);
			defaultConfigurationIsVisible = 0;
			defaultConfigurationName = Release;
		};
		7F6DE0FC1CBC507100522293 /* Build configuration list for PBXNativeTarget "MemeMaker" */ = {
			isa = XCConfigurationList;
			buildConfigurations = (
				7F6DE0FD1CBC507100522293 /* Debug */,
				7F6DE0FE1CBC507100522293 /* Release */,
			);
			defaultConfigurationIsVisible = 0;
			defaultConfigurationName = Release;
		};
		7F6DE0FF1CBC507100522293 /* Build configuration list for PBXNativeTarget "MemeMakerTests" */ = {
			isa = XCConfigurationList;
			buildConfigurations = (
				7F6DE1001CBC507100522293 /* Debug */,
				7F6DE1011CBC507100522293 /* Release */,
			);
			defaultConfigurationIsVisible = 0;
			defaultConfigurationName = Release;
		};
		7F6DE1021CBC507100522293 /* Build configuration list for PBXNativeTarget "MemeMakerUITests" */ = {
			isa = XCConfigurationList;
			buildConfigurations = (
				7F6DE1031CBC507100522293 /* Debug */,
				7F6DE1041CBC507100522293 /* Release */,
			);
			defaultConfigurationIsVisible = 0;
			defaultConfigurationName = Release;
		};
/* End XCConfigurationList section */
	};
	rootObject = 7F6DE0CC1CBC507000522293 /* Project object */;
}
